{
  "name": "hippocore",
  "version": "0.2.0",
  "lockfileVersion": 3,
  "requires": true,
  "packages": {
    "": {
      "name": "hippocore",
      "version": "0.2.0",
      "license": "MIT",
      "bin": {
        "hippocore": "bin/hippocore.js",
        "memory": "bin/memory.js"
      },
      "engines": {
        "node": ">=22.0.0"
      }
    }
  }
}
